apiVersion: vendir.k14s.io/v1alpha1
directories:
- contents:
  - git:
      commitTitle: 'chore(release): [ci skip] bump quickstart image to sha256@45e707dd07a30dee9dd4144fa33fd52620a7d62e2f02dfa6c1f194a8167c0d28'
      sha: 88af186068861742d955d78c4105787245cc6be3
      tags:
      - 0.19.23
    path: galoy-quickstart
  path: vendor
kind: LockConfig
