apiVersion: vendir.k14s.io/v1alpha1
directories:
- contents:
  - git:
      commitTitle: 'chore(release): [ci skip] bump quickstart image to sha256@058c67fad4e1b8b83eafec932239d7bf29563e101851a688f066408a07373819'
      sha: 68cd7b5e22a5eb0dc1ebe6a646ab68df1d657ffd
      tags:
      - 0.18.3
    path: galoy-quickstart
  path: vendor
kind: LockConfig
