PODS:
  - boost (1.76.0)
  - BVLinearGradient (2.6.2):
    - React-Core
  - CocoaAsyncSocket (7.6.5)
  - DoubleConversion (1.1.6)
  - FBLazyVector (0.69.7)
  - FBReactNativeSpec (0.69.7):
    - RCT-Folly (= 2021.06.28.00-v2)
    - RCTRequired (= 0.69.7)
    - RCTTypeSafety (= 0.69.7)
    - React-Core (= 0.69.7)
    - React-jsi (= 0.69.7)
    - ReactCommon/turbomodule/core (= 0.69.7)
  - Firebase/AnalyticsWithoutAdIdSupport (8.15.0):
    - Firebase/CoreOnly
    - FirebaseAnalytics/WithoutAdIdSupport (~> 8.15.0)
  - Firebase/CoreOnly (8.15.0):
    - FirebaseCore (= 8.15.0)
  - Firebase/Crashlytics (8.15.0):
    - Firebase/CoreOnly
    - FirebaseCrashlytics (~> 8.15.0)
  - Firebase/Messaging (8.15.0):
    - Firebase/CoreOnly
    - FirebaseMessaging (~> 8.15.0)
  - FirebaseAnalytics/WithoutAdIdSupport (8.15.0):
    - FirebaseCore (~> 8.0)
    - FirebaseInstallations (~> 8.0)
    - GoogleAppMeasurement/WithoutAdIdSupport (= 8.15.0)
    - GoogleUtilities/AppDelegateSwizzler (~> 7.7)
    - GoogleUtilities/MethodSwizzler (~> 7.7)
    - GoogleUtilities/Network (~> 7.7)
    - "GoogleUtilities/NSData+zlib (~> 7.7)"
    - nanopb (~> 2.30908.0)
  - FirebaseCore (8.15.0):
    - FirebaseCoreDiagnostics (~> 8.0)
    - GoogleUtilities/Environment (~> 7.7)
    - GoogleUtilities/Logger (~> 7.7)
  - FirebaseCoreDiagnostics (8.15.0):
    - GoogleDataTransport (~> 9.1)
    - GoogleUtilities/Environment (~> 7.7)
    - GoogleUtilities/Logger (~> 7.7)
    - nanopb (~> 2.30908.0)
  - FirebaseCrashlytics (8.15.0):
    - FirebaseCore (~> 8.0)
    - FirebaseInstallations (~> 8.0)
    - GoogleDataTransport (~> 9.1)
    - GoogleUtilities/Environment (~> 7.7)
    - nanopb (~> 2.30908.0)
    - PromisesObjC (< 3.0, >= 1.2)
  - FirebaseInstallations (8.15.0):
    - FirebaseCore (~> 8.0)
    - GoogleUtilities/Environment (~> 7.7)
    - GoogleUtilities/UserDefaults (~> 7.7)
    - PromisesObjC (< 3.0, >= 1.2)
  - FirebaseMessaging (8.15.0):
    - FirebaseCore (~> 8.0)
    - FirebaseInstallations (~> 8.0)
    - GoogleDataTransport (~> 9.1)
    - GoogleUtilities/AppDelegateSwizzler (~> 7.7)
    - GoogleUtilities/Environment (~> 7.7)
    - GoogleUtilities/Reachability (~> 7.7)
    - GoogleUtilities/UserDefaults (~> 7.7)
    - nanopb (~> 2.30908.0)
  - Flipper (0.163.0):
    - Flipper-Folly (~> 2.6)
  - Flipper-Boost-iOSX (1.76.0.1.11)
  - Flipper-DoubleConversion (3.2.0.1)
  - Flipper-Fmt (7.1.7)
  - Flipper-Folly (2.6.10):
    - Flipper-Boost-iOSX
    - Flipper-DoubleConversion
    - Flipper-Fmt (= 7.1.7)
    - Flipper-Glog
    - libevent (~> 2.1.12)
    - OpenSSL-Universal (= 1.1.1100)
  - Flipper-Glog (0.5.0.5)
  - Flipper-PeerTalk (0.0.4)
  - Flipper-RSocket (1.4.3):
    - Flipper-Folly (~> 2.6)
  - FlipperKit (0.163.0):
    - FlipperKit/Core (= 0.163.0)
  - FlipperKit/Core (0.163.0):
    - Flipper (~> 0.163.0)
    - FlipperKit/CppBridge
    - FlipperKit/FBCxxFollyDynamicConvert
    - FlipperKit/FBDefines
    - FlipperKit/FKPortForwarding
    - SocketRocket (~> 0.6.0)
  - FlipperKit/CppBridge (0.163.0):
    - Flipper (~> 0.163.0)
  - FlipperKit/FBCxxFollyDynamicConvert (0.163.0):
    - Flipper-Folly (~> 2.6)
  - FlipperKit/FBDefines (0.163.0)
  - FlipperKit/FKPortForwarding (0.163.0):
    - CocoaAsyncSocket (~> 7.6)
    - Flipper-PeerTalk (~> 0.0.4)
  - FlipperKit/FlipperKitHighlightOverlay (0.163.0)
  - FlipperKit/FlipperKitLayoutHelpers (0.163.0):
    - FlipperKit/Core
    - FlipperKit/FlipperKitHighlightOverlay
    - FlipperKit/FlipperKitLayoutTextSearchable
  - FlipperKit/FlipperKitLayoutIOSDescriptors (0.163.0):
    - FlipperKit/Core
    - FlipperKit/FlipperKitHighlightOverlay
    - FlipperKit/FlipperKitLayoutHelpers
    - YogaKit (~> 1.18)
  - FlipperKit/FlipperKitLayoutPlugin (0.163.0):
    - FlipperKit/Core
    - FlipperKit/FlipperKitHighlightOverlay
    - FlipperKit/FlipperKitLayoutHelpers
    - FlipperKit/FlipperKitLayoutIOSDescriptors
    - FlipperKit/FlipperKitLayoutTextSearchable
    - YogaKit (~> 1.18)
  - FlipperKit/FlipperKitLayoutTextSearchable (0.163.0)
  - FlipperKit/FlipperKitNetworkPlugin (0.163.0):
    - FlipperKit/Core
  - FlipperKit/FlipperKitReactPlugin (0.163.0):
    - FlipperKit/Core
  - FlipperKit/FlipperKitUserDefaultsPlugin (0.163.0):
    - FlipperKit/Core
  - FlipperKit/SKIOSNetworkPlugin (0.163.0):
    - FlipperKit/Core
    - FlipperKit/FlipperKitNetworkPlugin
  - fmt (6.2.1)
  - glog (0.3.5)
  - GoogleAppMeasurement/WithoutAdIdSupport (8.15.0):
    - GoogleUtilities/AppDelegateSwizzler (~> 7.7)
    - GoogleUtilities/MethodSwizzler (~> 7.7)
    - GoogleUtilities/Network (~> 7.7)
    - "GoogleUtilities/NSData+zlib (~> 7.7)"
    - nanopb (~> 2.30908.0)
  - GoogleDataTransport (9.2.0):
    - GoogleUtilities/Environment (~> 7.7)
    - nanopb (< 2.30910.0, >= 2.30908.0)
    - PromisesObjC (< 3.0, >= 1.2)
  - GoogleMLKit/BarcodeScanning (3.2.0):
    - GoogleMLKit/MLKitCore
    - MLKitBarcodeScanning (~> 2.2.0)
  - GoogleMLKit/MLKitCore (3.2.0):
    - MLKitCommon (~> 8.0.0)
  - GoogleToolboxForMac/DebugUtils (2.3.2):
    - GoogleToolboxForMac/Defines (= 2.3.2)
  - GoogleToolboxForMac/Defines (2.3.2)
  - GoogleToolboxForMac/Logger (2.3.2):
    - GoogleToolboxForMac/Defines (= 2.3.2)
  - "GoogleToolboxForMac/NSData+zlib (2.3.2)":
    - GoogleToolboxForMac/Defines (= 2.3.2)
  - "GoogleToolboxForMac/NSDictionary+URLArguments (2.3.2)":
    - GoogleToolboxForMac/DebugUtils (= 2.3.2)
    - GoogleToolboxForMac/Defines (= 2.3.2)
    - "GoogleToolboxForMac/NSString+URLArguments (= 2.3.2)"
  - "GoogleToolboxForMac/NSString+URLArguments (2.3.2)"
  - GoogleUtilities/AppDelegateSwizzler (7.10.0):
    - GoogleUtilities/Environment
    - GoogleUtilities/Logger
    - GoogleUtilities/Network
  - GoogleUtilities/Environment (7.10.0):
    - PromisesObjC (< 3.0, >= 1.2)
  - GoogleUtilities/Logger (7.10.0):
    - GoogleUtilities/Environment
  - GoogleUtilities/MethodSwizzler (7.10.0):
    - GoogleUtilities/Logger
  - GoogleUtilities/Network (7.10.0):
    - GoogleUtilities/Logger
    - "GoogleUtilities/NSData+zlib"
    - GoogleUtilities/Reachability
  - "GoogleUtilities/NSData+zlib (7.10.0)"
  - GoogleUtilities/Reachability (7.10.0):
    - GoogleUtilities/Logger
  - GoogleUtilities/UserDefaults (7.10.0):
    - GoogleUtilities/Logger
  - GoogleUtilitiesComponents (1.1.0):
    - GoogleUtilities/Logger
  - GT3Captcha-iOS (0.15.8)
  - GTMSessionFetcher/Core (1.7.2)
  - libevent (2.1.12)
  - lottie-ios (3.4.3)
  - lottie-react-native (5.1.4):
    - lottie-ios (~> 3.4.0)
    - React-Core
  - MLImage (1.0.0-beta3)
  - MLKitBarcodeScanning (2.2.0):
    - MLKitCommon (~> 8.0)
    - MLKitVision (~> 4.2)
  - MLKitCommon (8.0.0):
    - GoogleDataTransport (~> 9.0)
    - GoogleToolboxForMac/Logger (~> 2.1)
    - "GoogleToolboxForMac/NSData+zlib (~> 2.1)"
    - "GoogleToolboxForMac/NSDictionary+URLArguments (~> 2.1)"
    - GoogleUtilities/UserDefaults (~> 7.0)
    - GoogleUtilitiesComponents (~> 1.0)
    - GTMSessionFetcher/Core (~> 1.1)
    - Protobuf (~> 3.12)
  - MLKitVision (4.2.0):
    - GoogleToolboxForMac/Logger (~> 2.1)
    - "GoogleToolboxForMac/NSData+zlib (~> 2.1)"
    - GTMSessionFetcher/Core (~> 1.1)
    - MLImage (= 1.0.0-beta3)
    - MLKitCommon (~> 8.0)
    - Protobuf (~> 3.12)
  - nanopb (2.30908.0):
    - nanopb/decode (= 2.30908.0)
    - nanopb/encode (= 2.30908.0)
  - nanopb/decode (2.30908.0)
  - nanopb/encode (2.30908.0)
  - OpenSSL-Universal (1.1.1100)
  - PromisesObjC (2.1.1)
  - Protobuf (3.21.12)
  - RCT-Folly (2021.06.28.00-v2):
    - boost
    - DoubleConversion
    - fmt (~> 6.2.1)
    - glog
    - RCT-Folly/Default (= 2021.06.28.00-v2)
  - RCT-Folly/Default (2021.06.28.00-v2):
    - boost
    - DoubleConversion
    - fmt (~> 6.2.1)
    - glog
  - RCTRequired (0.69.7)
  - RCTTypeSafety (0.69.7):
    - FBLazyVector (= 0.69.7)
    - RCTRequired (= 0.69.7)
    - React-Core (= 0.69.7)
  - React (0.69.7):
    - React-Core (= 0.69.7)
    - React-Core/DevSupport (= 0.69.7)
    - React-Core/RCTWebSocket (= 0.69.7)
    - React-RCTActionSheet (= 0.69.7)
    - React-RCTAnimation (= 0.69.7)
    - React-RCTBlob (= 0.69.7)
    - React-RCTImage (= 0.69.7)
    - React-RCTLinking (= 0.69.7)
    - React-RCTNetwork (= 0.69.7)
    - React-RCTSettings (= 0.69.7)
    - React-RCTText (= 0.69.7)
    - React-RCTVibration (= 0.69.7)
  - React-bridging (0.69.7):
    - RCT-Folly (= 2021.06.28.00-v2)
    - React-jsi (= 0.69.7)
  - React-callinvoker (0.69.7)
  - React-Codegen (0.69.7):
    - FBReactNativeSpec (= 0.69.7)
    - RCT-Folly (= 2021.06.28.00-v2)
    - RCTRequired (= 0.69.7)
    - RCTTypeSafety (= 0.69.7)
    - React-Core (= 0.69.7)
    - React-jsi (= 0.69.7)
    - React-jsiexecutor (= 0.69.7)
    - ReactCommon/turbomodule/core (= 0.69.7)
  - React-Core (0.69.7):
    - glog
    - RCT-Folly (= 2021.06.28.00-v2)
    - React-Core/Default (= 0.69.7)
    - React-cxxreact (= 0.69.7)
    - React-jsi (= 0.69.7)
    - React-jsiexecutor (= 0.69.7)
    - React-perflogger (= 0.69.7)
    - Yoga
  - React-Core/CoreModulesHeaders (0.69.7):
    - glog
    - RCT-Folly (= 2021.06.28.00-v2)
    - React-Core/Default
    - React-cxxreact (= 0.69.7)
    - React-jsi (= 0.69.7)
    - React-jsiexecutor (= 0.69.7)
    - React-perflogger (= 0.69.7)
    - Yoga
  - React-Core/Default (0.69.7):
    - glog
    - RCT-Folly (= 2021.06.28.00-v2)
    - React-cxxreact (= 0.69.7)
    - React-jsi (= 0.69.7)
    - React-jsiexecutor (= 0.69.7)
    - React-perflogger (= 0.69.7)
    - Yoga
  - React-Core/DevSupport (0.69.7):
    - glog
    - RCT-Folly (= 2021.06.28.00-v2)
    - React-Core/Default (= 0.69.7)
    - React-Core/RCTWebSocket (= 0.69.7)
    - React-cxxreact (= 0.69.7)
    - React-jsi (= 0.69.7)
    - React-jsiexecutor (= 0.69.7)
    - React-jsinspector (= 0.69.7)
    - React-perflogger (= 0.69.7)
    - Yoga
  - React-Core/RCTActionSheetHeaders (0.69.7):
    - glog
    - RCT-Folly (= 2021.06.28.00-v2)
    - React-Core/Default
    - React-cxxreact (= 0.69.7)
    - React-jsi (= 0.69.7)
    - React-jsiexecutor (= 0.69.7)
    - React-perflogger (= 0.69.7)
    - Yoga
  - React-Core/RCTAnimationHeaders (0.69.7):
    - glog
    - RCT-Folly (= 2021.06.28.00-v2)
    - React-Core/Default
    - React-cxxreact (= 0.69.7)
    - React-jsi (= 0.69.7)
    - React-jsiexecutor (= 0.69.7)
    - React-perflogger (= 0.69.7)
    - Yoga
  - React-Core/RCTBlobHeaders (0.69.7):
    - glog
    - RCT-Folly (= 2021.06.28.00-v2)
    - React-Core/Default
    - React-cxxreact (= 0.69.7)
    - React-jsi (= 0.69.7)
    - React-jsiexecutor (= 0.69.7)
    - React-perflogger (= 0.69.7)
    - Yoga
  - React-Core/RCTImageHeaders (0.69.7):
    - glog
    - RCT-Folly (= 2021.06.28.00-v2)
    - React-Core/Default
    - React-cxxreact (= 0.69.7)
    - React-jsi (= 0.69.7)
    - React-jsiexecutor (= 0.69.7)
    - React-perflogger (= 0.69.7)
    - Yoga
  - React-Core/RCTLinkingHeaders (0.69.7):
    - glog
    - RCT-Folly (= 2021.06.28.00-v2)
    - React-Core/Default
    - React-cxxreact (= 0.69.7)
    - React-jsi (= 0.69.7)
    - React-jsiexecutor (= 0.69.7)
    - React-perflogger (= 0.69.7)
    - Yoga
  - React-Core/RCTNetworkHeaders (0.69.7):
    - glog
    - RCT-Folly (= 2021.06.28.00-v2)
    - React-Core/Default
    - React-cxxreact (= 0.69.7)
    - React-jsi (= 0.69.7)
    - React-jsiexecutor (= 0.69.7)
    - React-perflogger (= 0.69.7)
    - Yoga
  - React-Core/RCTSettingsHeaders (0.69.7):
    - glog
    - RCT-Folly (= 2021.06.28.00-v2)
    - React-Core/Default
    - React-cxxreact (= 0.69.7)
    - React-jsi (= 0.69.7)
    - React-jsiexecutor (= 0.69.7)
    - React-perflogger (= 0.69.7)
    - Yoga
  - React-Core/RCTTextHeaders (0.69.7):
    - glog
    - RCT-Folly (= 2021.06.28.00-v2)
    - React-Core/Default
    - React-cxxreact (= 0.69.7)
    - React-jsi (= 0.69.7)
    - React-jsiexecutor (= 0.69.7)
    - React-perflogger (= 0.69.7)
    - Yoga
  - React-Core/RCTVibrationHeaders (0.69.7):
    - glog
    - RCT-Folly (= 2021.06.28.00-v2)
    - React-Core/Default
    - React-cxxreact (= 0.69.7)
    - React-jsi (= 0.69.7)
    - React-jsiexecutor (= 0.69.7)
    - React-perflogger (= 0.69.7)
    - Yoga
  - React-Core/RCTWebSocket (0.69.7):
    - glog
    - RCT-Folly (= 2021.06.28.00-v2)
    - React-Core/Default (= 0.69.7)
    - React-cxxreact (= 0.69.7)
    - React-jsi (= 0.69.7)
    - React-jsiexecutor (= 0.69.7)
    - React-perflogger (= 0.69.7)
    - Yoga
  - React-CoreModules (0.69.7):
    - RCT-Folly (= 2021.06.28.00-v2)
    - RCTTypeSafety (= 0.69.7)
    - React-Codegen (= 0.69.7)
    - React-Core/CoreModulesHeaders (= 0.69.7)
    - React-jsi (= 0.69.7)
    - React-RCTImage (= 0.69.7)
    - ReactCommon/turbomodule/core (= 0.69.7)
  - React-cxxreact (0.69.7):
    - boost (= 1.76.0)
    - DoubleConversion
    - glog
    - RCT-Folly (= 2021.06.28.00-v2)
    - React-callinvoker (= 0.69.7)
    - React-jsi (= 0.69.7)
    - React-jsinspector (= 0.69.7)
    - React-logger (= 0.69.7)
    - React-perflogger (= 0.69.7)
    - React-runtimeexecutor (= 0.69.7)
  - React-jsi (0.69.7):
    - boost (= 1.76.0)
    - DoubleConversion
    - glog
    - RCT-Folly (= 2021.06.28.00-v2)
    - React-jsi/Default (= 0.69.7)
  - React-jsi/Default (0.69.7):
    - boost (= 1.76.0)
    - DoubleConversion
    - glog
    - RCT-Folly (= 2021.06.28.00-v2)
  - React-jsiexecutor (0.69.7):
    - DoubleConversion
    - glog
    - RCT-Folly (= 2021.06.28.00-v2)
    - React-cxxreact (= 0.69.7)
    - React-jsi (= 0.69.7)
    - React-perflogger (= 0.69.7)
  - React-jsinspector (0.69.7)
  - React-logger (0.69.7):
    - glog
  - react-native-fingerprint-scanner (6.0.0):
    - React
  - react-native-geetest-module (0.1.4):
    - GT3Captcha-iOS
    - React-Core
  - react-native-maps (1.3.2):
    - React-Core
  - react-native-netinfo (8.3.1):
    - React-Core
  - react-native-safe-area-context (4.3.3):
    - RCT-Folly
    - RCTRequired
    - RCTTypeSafety
    - React-Core
    - ReactCommon/turbomodule/core
  - react-native-secure-key-store (2.0.10):
    - React-Core
  - react-native-version-number (0.3.6):
    - React
  - React-perflogger (0.69.7)
  - React-RCTActionSheet (0.69.7):
    - React-Core/RCTActionSheetHeaders (= 0.69.7)
  - React-RCTAnimation (0.69.7):
    - RCT-Folly (= 2021.06.28.00-v2)
    - RCTTypeSafety (= 0.69.7)
    - React-Codegen (= 0.69.7)
    - React-Core/RCTAnimationHeaders (= 0.69.7)
    - React-jsi (= 0.69.7)
    - ReactCommon/turbomodule/core (= 0.69.7)
  - React-RCTBlob (0.69.7):
    - RCT-Folly (= 2021.06.28.00-v2)
    - React-Codegen (= 0.69.7)
    - React-Core/RCTBlobHeaders (= 0.69.7)
    - React-Core/RCTWebSocket (= 0.69.7)
    - React-jsi (= 0.69.7)
    - React-RCTNetwork (= 0.69.7)
    - ReactCommon/turbomodule/core (= 0.69.7)
  - React-RCTImage (0.69.7):
    - RCT-Folly (= 2021.06.28.00-v2)
    - RCTTypeSafety (= 0.69.7)
    - React-Codegen (= 0.69.7)
    - React-Core/RCTImageHeaders (= 0.69.7)
    - React-jsi (= 0.69.7)
    - React-RCTNetwork (= 0.69.7)
    - ReactCommon/turbomodule/core (= 0.69.7)
  - React-RCTLinking (0.69.7):
    - React-Codegen (= 0.69.7)
    - React-Core/RCTLinkingHeaders (= 0.69.7)
    - React-jsi (= 0.69.7)
    - ReactCommon/turbomodule/core (= 0.69.7)
  - React-RCTNetwork (0.69.7):
    - RCT-Folly (= 2021.06.28.00-v2)
    - RCTTypeSafety (= 0.69.7)
    - React-Codegen (= 0.69.7)
    - React-Core/RCTNetworkHeaders (= 0.69.7)
    - React-jsi (= 0.69.7)
    - ReactCommon/turbomodule/core (= 0.69.7)
  - React-RCTSettings (0.69.7):
    - RCT-Folly (= 2021.06.28.00-v2)
    - RCTTypeSafety (= 0.69.7)
    - React-Codegen (= 0.69.7)
    - React-Core/RCTSettingsHeaders (= 0.69.7)
    - React-jsi (= 0.69.7)
    - ReactCommon/turbomodule/core (= 0.69.7)
  - React-RCTText (0.69.7):
    - React-Core/RCTTextHeaders (= 0.69.7)
  - React-RCTVibration (0.69.7):
    - RCT-Folly (= 2021.06.28.00-v2)
    - React-Codegen (= 0.69.7)
    - React-Core/RCTVibrationHeaders (= 0.69.7)
    - React-jsi (= 0.69.7)
    - ReactCommon/turbomodule/core (= 0.69.7)
  - React-runtimeexecutor (0.69.7):
    - React-jsi (= 0.69.7)
  - ReactCommon/turbomodule/core (0.69.7):
    - DoubleConversion
    - glog
    - RCT-Folly (= 2021.06.28.00-v2)
    - React-bridging (= 0.69.7)
    - React-callinvoker (= 0.69.7)
    - React-Core (= 0.69.7)
    - React-cxxreact (= 0.69.7)
    - React-jsi (= 0.69.7)
    - React-logger (= 0.69.7)
    - React-perflogger (= 0.69.7)
  - RNCAsyncStorage (1.17.10):
    - React-Core
  - RNCClipboard (1.5.1):
    - React-Core
  - RNCPushNotificationIOS (1.10.1):
    - React-Core
  - RNDeviceInfo (9.0.2):
    - React-Core
  - RNFBAnalytics (14.11.1):
    - Firebase/AnalyticsWithoutAdIdSupport (= 8.15.0)
    - React-Core
    - RNFBApp
  - RNFBApp (14.11.1):
    - Firebase/CoreOnly (= 8.15.0)
    - React-Core
  - RNFBCrashlytics (14.11.1):
    - Firebase/Crashlytics (= 8.15.0)
    - React-Core
    - RNFBApp
  - RNFBMessaging (14.11.1):
    - Firebase/Messaging (= 8.15.0)
    - React-Core
    - RNFBApp
  - RNGestureHandler (2.6.0):
    - React-Core
  - RNImageCropPicker (0.38.0):
    - React-Core
    - React-RCTImage
    - RNImageCropPicker/QBImagePickerController (= 0.38.0)
    - TOCropViewController
  - RNImageCropPicker/QBImagePickerController (0.38.0):
    - React-Core
    - React-RCTImage
    - TOCropViewController
  - RNKeychain (8.1.1):
    - React-Core
  - RNLocalize (2.2.3):
    - React-Core
  - RNQrGenerator (1.2.1):
    - React
    - ZXingObjC
  - RNReactNativeHapticFeedback (1.14.0):
    - React-Core
  - RNReanimated (2.13.0):
    - DoubleConversion
    - FBLazyVector
    - FBReactNativeSpec
    - glog
    - RCT-Folly
    - RCTRequired
    - RCTTypeSafety
    - React-callinvoker
    - React-Core
    - React-Core/DevSupport
    - React-Core/RCTWebSocket
    - React-CoreModules
    - React-cxxreact
    - React-jsi
    - React-jsiexecutor
    - React-jsinspector
    - React-RCTActionSheet
    - React-RCTAnimation
    - React-RCTBlob
    - React-RCTImage
    - React-RCTLinking
    - React-RCTNetwork
    - React-RCTSettings
    - React-RCTText
    - ReactCommon/turbomodule/core
    - Yoga
  - RNScreens (3.17.0):
    - React-Core
    - React-RCTImage
  - RNShare (7.9.0):
    - React-Core
  - RNSVG (12.4.4):
    - React-Core
  - RNVectorIcons (9.2.0):
    - React-Core
  - SocketRocket (0.6.0)
  - TOCropViewController (2.6.1)
  - vision-camera-code-scanner (0.2.0):
    - GoogleMLKit/BarcodeScanning
    - React-Core
  - VisionCamera (2.15.2):
    - React
    - React-callinvoker
    - React-Core
  - XCDYouTubeKit (2.15.2)
  - Yoga (1.14.0)
  - YogaKit (1.18.1):
    - Yoga (~> 1.14)
  - ZXingObjC (3.6.5):
    - ZXingObjC/All (= 3.6.5)
  - ZXingObjC/All (3.6.5)

DEPENDENCIES:
  - boost (from `../node_modules/react-native/third-party-podspecs/boost.podspec`)
  - BVLinearGradient (from `../node_modules/react-native-linear-gradient`)
  - DoubleConversion (from `../node_modules/react-native/third-party-podspecs/DoubleConversion.podspec`)
  - FBLazyVector (from `../node_modules/react-native/Libraries/FBLazyVector`)
  - FBReactNativeSpec (from `../node_modules/react-native/React/FBReactNativeSpec`)
  - Flipper (= 0.163.0)
  - Flipper-Boost-iOSX (= 1.76.0.1.11)
  - Flipper-DoubleConversion (= 3.2.0.1)
  - Flipper-Fmt (= 7.1.7)
  - Flipper-Folly (= 2.6.10)
  - Flipper-Glog (= 0.5.0.5)
  - Flipper-PeerTalk (= 0.0.4)
  - Flipper-RSocket (= 1.4.3)
  - FlipperKit (= 0.163.0)
  - FlipperKit/Core (= 0.163.0)
  - FlipperKit/CppBridge (= 0.163.0)
  - FlipperKit/FBCxxFollyDynamicConvert (= 0.163.0)
  - FlipperKit/FBDefines (= 0.163.0)
  - FlipperKit/FKPortForwarding (= 0.163.0)
  - FlipperKit/FlipperKitHighlightOverlay (= 0.163.0)
  - FlipperKit/FlipperKitLayoutPlugin (= 0.163.0)
  - FlipperKit/FlipperKitLayoutTextSearchable (= 0.163.0)
  - FlipperKit/FlipperKitNetworkPlugin (= 0.163.0)
  - FlipperKit/FlipperKitReactPlugin (= 0.163.0)
  - FlipperKit/FlipperKitUserDefaultsPlugin (= 0.163.0)
  - FlipperKit/SKIOSNetworkPlugin (= 0.163.0)
  - glog (from `../node_modules/react-native/third-party-podspecs/glog.podspec`)
  - lottie-ios (from `../node_modules/lottie-ios`)
  - lottie-react-native (from `../node_modules/lottie-react-native`)
  - OpenSSL-Universal (= 1.1.1100)
  - RCT-Folly (from `../node_modules/react-native/third-party-podspecs/RCT-Folly.podspec`)
  - RCTRequired (from `../node_modules/react-native/Libraries/RCTRequired`)
  - RCTTypeSafety (from `../node_modules/react-native/Libraries/TypeSafety`)
  - React (from `../node_modules/react-native/`)
  - React-bridging (from `../node_modules/react-native/ReactCommon`)
  - React-callinvoker (from `../node_modules/react-native/ReactCommon/callinvoker`)
  - React-Codegen (from `build/generated/ios`)
  - React-Core (from `../node_modules/react-native/`)
  - React-Core/DevSupport (from `../node_modules/react-native/`)
  - React-Core/RCTWebSocket (from `../node_modules/react-native/`)
  - React-CoreModules (from `../node_modules/react-native/React/CoreModules`)
  - React-cxxreact (from `../node_modules/react-native/ReactCommon/cxxreact`)
  - React-jsi (from `../node_modules/react-native/ReactCommon/jsi`)
  - React-jsiexecutor (from `../node_modules/react-native/ReactCommon/jsiexecutor`)
  - React-jsinspector (from `../node_modules/react-native/ReactCommon/jsinspector`)
  - React-logger (from `../node_modules/react-native/ReactCommon/logger`)
  - react-native-fingerprint-scanner (from `../node_modules/react-native-fingerprint-scanner`)
  - "react-native-geetest-module (from `../node_modules/@galoymoney/react-native-geetest-module`)"
  - react-native-maps (from `../node_modules/react-native-maps`)
  - "react-native-netinfo (from `../node_modules/@react-native-community/netinfo`)"
  - react-native-safe-area-context (from `../node_modules/react-native-safe-area-context`)
  - react-native-secure-key-store (from `../node_modules/react-native-secure-key-store`)
  - react-native-version-number (from `../node_modules/react-native-version-number`)
  - React-perflogger (from `../node_modules/react-native/ReactCommon/reactperflogger`)
  - React-RCTActionSheet (from `../node_modules/react-native/Libraries/ActionSheetIOS`)
  - React-RCTAnimation (from `../node_modules/react-native/Libraries/NativeAnimation`)
  - React-RCTBlob (from `../node_modules/react-native/Libraries/Blob`)
  - React-RCTImage (from `../node_modules/react-native/Libraries/Image`)
  - React-RCTLinking (from `../node_modules/react-native/Libraries/LinkingIOS`)
  - React-RCTNetwork (from `../node_modules/react-native/Libraries/Network`)
  - React-RCTSettings (from `../node_modules/react-native/Libraries/Settings`)
  - React-RCTText (from `../node_modules/react-native/Libraries/Text`)
  - React-RCTVibration (from `../node_modules/react-native/Libraries/Vibration`)
  - React-runtimeexecutor (from `../node_modules/react-native/ReactCommon/runtimeexecutor`)
  - ReactCommon/turbomodule/core (from `../node_modules/react-native/ReactCommon`)
  - "RNCAsyncStorage (from `../node_modules/@react-native-async-storage/async-storage`)"
  - "RNCClipboard (from `../node_modules/@react-native-community/clipboard`)"
  - "RNCPushNotificationIOS (from `../node_modules/@react-native-community/push-notification-ios`)"
  - RNDeviceInfo (from `../node_modules/react-native-device-info`)
  - "RNFBAnalytics (from `../node_modules/@react-native-firebase/analytics`)"
  - "RNFBApp (from `../node_modules/@react-native-firebase/app`)"
  - "RNFBCrashlytics (from `../node_modules/@react-native-firebase/crashlytics`)"
  - "RNFBMessaging (from `../node_modules/@react-native-firebase/messaging`)"
  - RNGestureHandler (from `../node_modules/react-native-gesture-handler`)
  - RNImageCropPicker (from `../node_modules/react-native-image-crop-picker`)
  - RNKeychain (from `../node_modules/react-native-keychain`)
  - RNLocalize (from `../node_modules/react-native-localize`)
  - RNQrGenerator (from `../node_modules/rn-qr-generator`)
  - RNReactNativeHapticFeedback (from `../node_modules/react-native-haptic-feedback`)
  - RNReanimated (from `../node_modules/react-native-reanimated`)
  - RNScreens (from `../node_modules/react-native-screens`)
  - RNShare (from `../node_modules/react-native-share`)
  - RNSVG (from `../node_modules/react-native-svg`)
  - RNVectorIcons (from `../node_modules/react-native-vector-icons`)
  - vision-camera-code-scanner (from `../node_modules/vision-camera-code-scanner`)
  - VisionCamera (from `../node_modules/react-native-vision-camera`)
  - XCDYouTubeKit (~> 2.8)
  - Yoga (from `../node_modules/react-native/ReactCommon/yoga`)

SPEC REPOS:
  trunk:
    - CocoaAsyncSocket
    - Firebase
    - FirebaseAnalytics
    - FirebaseCore
    - FirebaseCoreDiagnostics
    - FirebaseCrashlytics
    - FirebaseInstallations
    - FirebaseMessaging
    - Flipper
    - Flipper-Boost-iOSX
    - Flipper-DoubleConversion
    - Flipper-Fmt
    - Flipper-Folly
    - Flipper-Glog
    - Flipper-PeerTalk
    - Flipper-RSocket
    - FlipperKit
    - fmt
    - GoogleAppMeasurement
    - GoogleDataTransport
    - GoogleMLKit
    - GoogleToolboxForMac
    - GoogleUtilities
    - GoogleUtilitiesComponents
    - GT3Captcha-iOS
    - GTMSessionFetcher
    - libevent
    - MLImage
    - MLKitBarcodeScanning
    - MLKitCommon
    - MLKitVision
    - nanopb
    - OpenSSL-Universal
    - PromisesObjC
    - Protobuf
    - SocketRocket
    - TOCropViewController
    - XCDYouTubeKit
    - YogaKit
    - ZXingObjC

EXTERNAL SOURCES:
  boost:
    :podspec: "../node_modules/react-native/third-party-podspecs/boost.podspec"
  BVLinearGradient:
    :path: "../node_modules/react-native-linear-gradient"
  DoubleConversion:
    :podspec: "../node_modules/react-native/third-party-podspecs/DoubleConversion.podspec"
  FBLazyVector:
    :path: "../node_modules/react-native/Libraries/FBLazyVector"
  FBReactNativeSpec:
    :path: "../node_modules/react-native/React/FBReactNativeSpec"
  glog:
    :podspec: "../node_modules/react-native/third-party-podspecs/glog.podspec"
  lottie-ios:
    :path: "../node_modules/lottie-ios"
  lottie-react-native:
    :path: "../node_modules/lottie-react-native"
  RCT-Folly:
    :podspec: "../node_modules/react-native/third-party-podspecs/RCT-Folly.podspec"
  RCTRequired:
    :path: "../node_modules/react-native/Libraries/RCTRequired"
  RCTTypeSafety:
    :path: "../node_modules/react-native/Libraries/TypeSafety"
  React:
    :path: "../node_modules/react-native/"
  React-bridging:
    :path: "../node_modules/react-native/ReactCommon"
  React-callinvoker:
    :path: "../node_modules/react-native/ReactCommon/callinvoker"
  React-Codegen:
    :path: build/generated/ios
  React-Core:
    :path: "../node_modules/react-native/"
  React-CoreModules:
    :path: "../node_modules/react-native/React/CoreModules"
  React-cxxreact:
    :path: "../node_modules/react-native/ReactCommon/cxxreact"
  React-jsi:
    :path: "../node_modules/react-native/ReactCommon/jsi"
  React-jsiexecutor:
    :path: "../node_modules/react-native/ReactCommon/jsiexecutor"
  React-jsinspector:
    :path: "../node_modules/react-native/ReactCommon/jsinspector"
  React-logger:
    :path: "../node_modules/react-native/ReactCommon/logger"
  react-native-fingerprint-scanner:
    :path: "../node_modules/react-native-fingerprint-scanner"
  react-native-geetest-module:
    :path: "../node_modules/@galoymoney/react-native-geetest-module"
  react-native-maps:
    :path: "../node_modules/react-native-maps"
  react-native-netinfo:
    :path: "../node_modules/@react-native-community/netinfo"
  react-native-safe-area-context:
    :path: "../node_modules/react-native-safe-area-context"
  react-native-secure-key-store:
    :path: "../node_modules/react-native-secure-key-store"
  react-native-version-number:
    :path: "../node_modules/react-native-version-number"
  React-perflogger:
    :path: "../node_modules/react-native/ReactCommon/reactperflogger"
  React-RCTActionSheet:
    :path: "../node_modules/react-native/Libraries/ActionSheetIOS"
  React-RCTAnimation:
    :path: "../node_modules/react-native/Libraries/NativeAnimation"
  React-RCTBlob:
    :path: "../node_modules/react-native/Libraries/Blob"
  React-RCTImage:
    :path: "../node_modules/react-native/Libraries/Image"
  React-RCTLinking:
    :path: "../node_modules/react-native/Libraries/LinkingIOS"
  React-RCTNetwork:
    :path: "../node_modules/react-native/Libraries/Network"
  React-RCTSettings:
    :path: "../node_modules/react-native/Libraries/Settings"
  React-RCTText:
    :path: "../node_modules/react-native/Libraries/Text"
  React-RCTVibration:
    :path: "../node_modules/react-native/Libraries/Vibration"
  React-runtimeexecutor:
    :path: "../node_modules/react-native/ReactCommon/runtimeexecutor"
  ReactCommon:
    :path: "../node_modules/react-native/ReactCommon"
  RNCAsyncStorage:
    :path: "../node_modules/@react-native-async-storage/async-storage"
  RNCClipboard:
    :path: "../node_modules/@react-native-community/clipboard"
  RNCPushNotificationIOS:
    :path: "../node_modules/@react-native-community/push-notification-ios"
  RNDeviceInfo:
    :path: "../node_modules/react-native-device-info"
  RNFBAnalytics:
    :path: "../node_modules/@react-native-firebase/analytics"
  RNFBApp:
    :path: "../node_modules/@react-native-firebase/app"
  RNFBCrashlytics:
    :path: "../node_modules/@react-native-firebase/crashlytics"
  RNFBMessaging:
    :path: "../node_modules/@react-native-firebase/messaging"
  RNGestureHandler:
    :path: "../node_modules/react-native-gesture-handler"
  RNImageCropPicker:
    :path: "../node_modules/react-native-image-crop-picker"
  RNKeychain:
    :path: "../node_modules/react-native-keychain"
  RNLocalize:
    :path: "../node_modules/react-native-localize"
  RNQrGenerator:
    :path: "../node_modules/rn-qr-generator"
  RNReactNativeHapticFeedback:
    :path: "../node_modules/react-native-haptic-feedback"
  RNReanimated:
    :path: "../node_modules/react-native-reanimated"
  RNScreens:
    :path: "../node_modules/react-native-screens"
  RNShare:
    :path: "../node_modules/react-native-share"
  RNSVG:
    :path: "../node_modules/react-native-svg"
  RNVectorIcons:
    :path: "../node_modules/react-native-vector-icons"
  vision-camera-code-scanner:
    :path: "../node_modules/vision-camera-code-scanner"
  VisionCamera:
    :path: "../node_modules/react-native-vision-camera"
  Yoga:
    :path: "../node_modules/react-native/ReactCommon/yoga"

SPEC CHECKSUMS:
  boost: a7c83b31436843459a1961bfd74b96033dc77234
  BVLinearGradient: 34a999fda29036898a09c6a6b728b0b4189e1a44
  CocoaAsyncSocket: 065fd1e645c7abab64f7a6a2007a48038fdc6a99
  DoubleConversion: 5189b271737e1565bdce30deb4a08d647e3f5f54
  FBLazyVector: 6b7f5692909b4300d50e7359cdefbcd09dd30faa
  FBReactNativeSpec: affcf71d996f6b0c01f68883482588297b9d5e6e
  Firebase: 5f8193dff4b5b7c5d5ef72ae54bb76c08e2b841d
  FirebaseAnalytics: 7761cbadb00a717d8d0939363eb46041526474fa
  FirebaseCore: 5743c5785c074a794d35f2fff7ecc254a91e08b1
  FirebaseCoreDiagnostics: 92e07a649aeb66352b319d43bdd2ee3942af84cb
  FirebaseCrashlytics: feb07e4e9187be3c23c6a846cce4824e5ce2dd0b
  FirebaseInstallations: 40bd9054049b2eae9a2c38ef1c3dd213df3605cd
  FirebaseMessaging: 5e5118a2383b3531e730d974680954c679ca0a13
  Flipper: 3f748432f5557ee89b9f84f73cc567c0858a2322
  Flipper-Boost-iOSX: fd1e2b8cbef7e662a122412d7ac5f5bea715403c
  Flipper-DoubleConversion: 2dc99b02f658daf147069aad9dbd29d8feb06d30
  Flipper-Fmt: 60cbdd92fc254826e61d669a5d87ef7015396a9b
  Flipper-Folly: 584845625005ff068a6ebf41f857f468decd26b3
  Flipper-Glog: 70c50ce58ddaf67dc35180db05f191692570f446
  Flipper-PeerTalk: 116d8f857dc6ef55c7a5a75ea3ceaafe878aadc9
  Flipper-RSocket: d9d9ade67cbecf6ac10730304bf5607266dd2541
  FlipperKit: 0674bb0e923016a5296838ae2aa9a10e7efc6b91
  fmt: ff9d55029c625d3757ed641535fd4a75fedc7ce9
  glog: 3d02b25ca00c2d456734d0bcff864cbc62f6ae1a
  GoogleAppMeasurement: 4c19f031220c72464d460c9daa1fb5d1acce958e
  GoogleDataTransport: 1c8145da7117bd68bbbed00cf304edb6a24de00f
  GoogleMLKit: 0017a6a8372e1a182139b9def4d89be5d87ca5a7
  GoogleToolboxForMac: 8bef7c7c5cf7291c687cf5354f39f9db6399ad34
  GoogleUtilities: bad72cb363809015b1f7f19beb1f1cd23c589f95
  GoogleUtilitiesComponents: 679b2c881db3b615a2777504623df6122dd20afe
  GT3Captcha-iOS: 4e641d94875feefd92191a3d68de3df2a32f4f5a
  GTMSessionFetcher: 5595ec75acf5be50814f81e9189490412bad82ba
  libevent: 4049cae6c81cdb3654a443be001fb9bdceff7913
  lottie-ios: 9ae750cdc7820fecbd3c2f0cfc493038208fcdc4
  lottie-react-native: b702fab740cdb952a8e2354713d3beda63ff97b0
  MLImage: 489dfec109f21da8621b28d476401aaf7a0d4ff4
  MLKitBarcodeScanning: d92fe1911001ec36870162c5a0eb206f612b7169
  MLKitCommon: f6da6c5659618c070b50a80db01248ebe2964175
  MLKitVision: 96c96571190b7f63eddf4a12068ce8a8689e0d2c
  nanopb: a0ba3315591a9ae0a16a309ee504766e90db0c96
  OpenSSL-Universal: ebc357f1e6bc71fa463ccb2fe676756aff50e88c
  PromisesObjC: ab77feca74fa2823e7af4249b8326368e61014cb
  Protobuf: 120350fc38646e2dedc26f49ecba778184ea1de2
  RCT-Folly: b9d9fe1fc70114b751c076104e52f3b1b5e5a95a
  RCTRequired: 54bff6aa61efd9598ab59d2a823c382b4fe13d27
  RCTTypeSafety: 47632bfa768df7befde08e339a9847e6cff6ff78
  React: 72a676de573cc5ee0e375e5535238af9a4bd435c
  React-bridging: 12b6677a30fbd46555a35aa6096331737a9af598
  React-callinvoker: bb574a923c2281d01be23ed3b5d405caa583f56d
  React-Codegen: a5e05592b65963a4a453808d2233a04edb7ac8cd
  React-Core: 138385d05068622b2b1873eee7dc5be9762f5383
  React-CoreModules: 3a9be624998677db102b19090b1c33c7564ead6d
  React-cxxreact: eb24a767b0b811259947f3d538e7c999467e7131
  React-jsi: 9c1cc1173fc8a24b094e01c54d8e3b567fed7edc
  React-jsiexecutor: a73bec0218ba959fc92f811b581ad6c2270c6b6f
  React-jsinspector: 8134ee22182b8dd98dc0973db6266c398103ce6c
  React-logger: 1e7ac909607ee65fd5c4d8bea8c6e644f66b8843
  react-native-fingerprint-scanner: ac6656f18c8e45a7459302b84da41a44ad96dbbe
  react-native-geetest-module: 37d472ebaf3bb05599cadd0058a7ece8ee154774
  react-native-maps: 085f614cf14d3637b2048bb9752da5b1c27c2886
  react-native-netinfo: 1a6035d3b9780221d407c277ebfb5722ace00658
  react-native-safe-area-context: b456e1c40ec86f5593d58b275bd0e9603169daca
  react-native-secure-key-store: 910e6df6bc33cb790aba6ee24bc7818df1fe5898
  react-native-version-number: b415bbec6a13f2df62bf978e85bc0d699462f37f
  React-perflogger: 8e832d4e21fdfa613033c76d58d7e617341e804b
  React-RCTActionSheet: 9ca778182a9523991bff6381045885b6e808bb73
  React-RCTAnimation: 9ced26ad20b96e532ac791a8ab92a7b1ce2266b8
  React-RCTBlob: 2ca3402386d6ab8e9a9a39117305c7601ba2a7f8
  React-RCTImage: 7be51899367082a49e7a7560247ab3961e4dd248
  React-RCTLinking: 262229106f181d8187a5a041fa0dffe6e9726347
  React-RCTNetwork: 428b6f17bf4684ede387422eb789ca89365e33d3
  React-RCTSettings: eaef83489b80045528f1fe1ea5daefaa586ed763
  React-RCTText: d197cff9d5d7f68bdb88468d94617bbf2aa6a48d
  React-RCTVibration: 600a9f8b3537db360563d50fab3d040c262567d4
  React-runtimeexecutor: 65cd2782a57e1d59a68aa5d504edf94278578e41
  ReactCommon: 1e783348b9aa73ae68236271df972ba898560a95
  RNCAsyncStorage: 0c357f3156fcb16c8589ede67cc036330b6698ca
  RNCClipboard: 41d8d918092ae8e676f18adada19104fa3e68495
  RNCPushNotificationIOS: 87b8d16d3ede4532745e05b03c42cff33a36cc45
  RNDeviceInfo: 1e3f62b9ec32f7754fac60bd06b8f8a27124e7f0
  RNFBAnalytics: 1147bbfd769184b10d0e27f0f7c2c261e91a385b
  RNFBApp: 9646e09d041ea159b84584865212e4cf33acd179
  RNFBCrashlytics: f2b5e456c4969bdec60482e83d973d873ff17f1d
  RNFBMessaging: 3e2682ea5e15fe86da24d16d16019395a881f33c
  RNGestureHandler: 920eb17f5b1e15dae6e5ed1904045f8f90e0b11e
  RNImageCropPicker: ffbba608264885c241cbf3a8f78eb7aeeb978241
  RNKeychain: ff836453cba46938e0e9e4c22e43d43fa2c90333
  RNLocalize: a64514b46a01375fdfae9349036b4dc7130333b5
  RNQrGenerator: 0aa6c40e3f2e15a9cbaec9480b7028c339f89b66
  RNReactNativeHapticFeedback: 1e3efeca9628ff9876ee7cdd9edec1b336913f8c
  RNReanimated: f0d66bda3d074c43c72a18f4fd4f4c26687bc1fd
  RNScreens: 0df01424e9e0ed7827200d6ed1087ddd06c493f9
  RNShare: be91a5c149585affb02c25b351bd07ba927c7006
  RNSVG: ecd661f380a07ba690c9c5929c475a44f432d674
  RNVectorIcons: fcc2f6cb32f5735b586e66d14103a74ce6ad61f8
  SocketRocket: fccef3f9c5cedea1353a9ef6ada904fde10d6608
  TOCropViewController: edfd4f25713d56905ad1e0b9f5be3fbe0f59c863
  vision-camera-code-scanner: dda884a7f3ec8243a2a6d6489b91860648371bca
  VisionCamera: 83cc8ae355bb52a6cfbd59a357efc54efe88370c
  XCDYouTubeKit: b120aced3d8638ffb570c5450cddb5a1dac448c7
  Yoga: 0b84a956f7393ef1f37f3bb213c516184e4a689d
  YogaKit: f782866e155069a2cca2517aafea43200b01fd5a
  ZXingObjC: fdbb269f25dd2032da343e06f10224d62f537bdb

PODFILE CHECKSUM: 2e003167b1b406f62ab1ce92f6c14c3bda676e04

COCOAPODS: 1.11.3
