apiVersion: vendir.k14s.io/v1alpha1
directories:
- contents:
  - git:
      commitTitle: 'chore: have version for prepping docker build'
      sha: ffb5caaacf1331b1e74f7c7f4893bfb7b3656eef
    path: .
  path: ../.github/workflows/vendor
- contents:
  - git:
      commitTitle: 'chore: have version for prepping docker build'
      sha: ffb5caaacf1331b1e74f7c7f4893bfb7b3656eef
    path: .
  path: ./vendor
kind: LockConfig
