apiVersion: vendir.k14s.io/v1alpha1
directories:
- contents:
  - git:
      commitTitle: 'ci: new metadata scheme (#36)'
      sha: 3edfe7d25e5fe2162fd49b944dd0d512eeabd512
    path: .
  path: ../.github/workflows/vendor
- contents:
  - git:
      commitTitle: 'ci: new metadata scheme (#36)'
      sha: 3edfe7d25e5fe2162fd49b944dd0d512eeabd512
    path: .
  path: ./vendor
kind: LockConfig
